{
  "name": "hui-test",
  "version": "0.0.2",
  "lockfileVersion": 3,
  "requires": true,
  "packages": {
    "": {
      "name": "hui-test",
      "version": "0.0.2",
      "license": "ISC",
      "dependencies": {
        "@huement/ui": "file:../hui",
        "bootstrap": "5.3.3",
        "sass": "^1.79.4"
      },
      "devDependencies": {
        "posthtml": "^0.16.6",
        "posthtml-expressions": "^1.11.4",
        "posthtml-include": "^2.0.1"
      }
    },
    "../hui": {
      "name": "@huement/ui",
      "version": "0.9.2",
      "license": "MPL-2.0",
      "dependencies": {
        "@indigotree/dart-sass-json-importer": "^0.2.0",
        "bootstrap": "5.3.3",
        "normalize-scss": "^8.0.0",
        "nouislider": "^15.7.1",
        "postcss": "^8.0.0",
        "postcss-cli": "^11.0.0",
        "sass": "^1.71.0",
        "sass-loader": "^13.3.2",
        "sass-unused": "^0.5.0",
        "scss-json": "^1.0.0",
        "stylelint": "^16.2.1",
        "stylelint-config-twbs-bootstrap": "^13.0.0",
        "stylelint-scss": "^6.0.0"
      },
      "devDependencies": {
        "@babel/cli": "^7.23.9",
        "@babel/core": "^7.24.0",
        "@babel/preset-env": "^7.24.0",
        "@ntdalbec/type-scale": "^1.0.1",
        "@popperjs/core": "^2.11.8",
        "@squirrel-forge/build-scss": "^0.8.4",
        "@squirrel-forge/sass-base64-loader": "^0.11.2",
        "@squirrel-forge/sass-package-importer": "^0.11.2",
        "ansi-colors": "^4.1.3",
        "asciiart-logo": "^0.2.7",
        "autoprefixer": "^10.4.21",
        "aws-sdk": "^2.1560.0",
        "babelify": "^10.0.0",
        "binary": "^0.3.0",
        "browser-sync": "3.0.2",
        "browserify": "^17.0.0",
        "bundlesize": "^0.18.1",
        "bunyan": "^1.8.15",
        "cash-dom": "^8.1.5",
        "chalk": "^4.1.0",
        "clean-css-cli": "^5.6.3",
        "color-scale": "^1.1.0",
        "colormap": "^2.3.2",
        "copyfiles": "^2.4.1",
        "crypto": "^1.0.1",
        "cssnano": "^7.0.7",
        "dotenv": "^16.3.1",
        "eslint": "^8.56.0",
        "eslint-config-prettier": "^9.1.0",
        "eslint-config-standard-with-typescript": "^43.0.0",
        "eslint-plugin-import": "^2.25.2",
        "eslint-plugin-n": "^15.0.0 || ^16.0.0 ",
        "eslint-plugin-prettier": "^5.1.3",
        "eslint-plugin-promise": "^6.0.0",
        "fs-extra": "^11.2.0",
        "fs-jetpack": "^5.1.0",
        "glob": "^10.3.10",
        "json2scss": "^0.0.2",
        "json2scss-map": "^1.5.0",
        "jsonfile-updater": "^3.1.0",
        "log-util": "^2.3.0",
        "mime": "^4.0.1",
        "mime-types": "^2.1.35",
        "modular-scale": "^5.1.2",
        "modularscale-sass": "^3.0.10",
        "multer": "^1.4.5-lts.1",
        "multer-s3": "^3.0.1",
        "node-banner": "^1.4.0",
        "node-html-parser": "^6.1.12",
        "nodemon": "^3.0.2",
        "npm-run-all": "^4.1.5",
        "oci-common": "^2.79.1",
        "oci-identity": "^2.79.1",
        "oci-objectstorage": "^2.79.1",
        "postcss-flexbugs-fixes": "^5.0.2",
        "postcss-import": "^16.1.1",
        "postcss-preset-env": "^10.2.4",
        "prettier": "^3.2.5",
        "prettier-eslint": "^16.3.0",
        "prettier-stylelint": "^0.4.2",
        "quartz": "^0.0.1",
        "recursive-copy": "^2.0.14",
        "replace-in-file": "^7.1.0",
        "rhythm-fns": "^1.0.0",
        "rimraf": "^5.0.5",
        "rollup": "^4.9.1",
        "terminal-img": "^2.0.24",
        "trash": "^8.1.1",
        "wallace-cli": "^3.0.0",
        "yargs": "^17.7.2"
      },
      "engines": {
        "node": ">=18.19.0"
      },
      "optionalDependencies": {
        "fontconvert-tool": "^1.1.2"
      }
    },
    "node_modules/@huement/ui": {
      "resolved": "../hui",
      "link": true
    },
    "node_modules/@popperjs/core": {
      "version": "2.11.8",
      "resolved": "https://registry.npmjs.org/@popperjs/core/-/core-2.11.8.tgz",
      "integrity": "sha512-P1st0aksCrn9sGZhp8GMYwBnQsbvAWsZAX44oXNNvLHGqAOcoVxmjZiohstwQ7SqKnbR47akdNi+uleWD8+g6A==",
      "license": "MIT",
      "peer": true,
      "funding": {
        "type": "opencollective",
        "url": "https://opencollective.com/popperjs"
      }
    },
    "node_modules/bootstrap": {
      "version": "5.3.3",
      "resolved": "https://registry.npmjs.org/bootstrap/-/bootstrap-5.3.3.tgz",
      "integrity": "sha512-8HLCdWgyoMguSO9o+aH+iuZ+aht+mzW0u3HIMzVu7Srrpv7EBBxTnrFlSCskwdY1+EOFQSm7uMJhNQHkdPcmjg==",
      "funding": [
        {
          "type": "github",
          "url": "https://github.com/sponsors/twbs"
        },
        {
          "type": "opencollective",
          "url": "https://opencollective.com/bootstrap"
        }
      ],
      "license": "MIT",
      "peerDependencies": {
        "@popperjs/core": "^2.11.8"
      }
    },
    "node_modules/dom-serializer": {
      "version": "1.4.1",
      "resolved": "https://registry.npmjs.org/dom-serializer/-/dom-serializer-1.4.1.tgz",
      "integrity": "sha512-VHwB3KfrcOOkelEG2ZOfxqLZdfkil8PtJi4P8N2MMXucZq2yLp75ClViUlOVwyoHEDjYU433Aq+5zWP61+RGag==",
      "dev": true,
      "license": "MIT",
      "dependencies": {
        "domelementtype": "^2.0.1",
        "domhandler": "^4.2.0",
        "entities": "^2.0.0"
      },
      "funding": {
        "url": "https://github.com/cheeriojs/dom-serializer?sponsor=1"
      }
    },
    "node_modules/dom-serializer/node_modules/entities": {
      "version": "2.2.0",
      "resolved": "https://registry.npmjs.org/entities/-/entities-2.2.0.tgz",
      "integrity": "sha512-p92if5Nz619I0w+akJrLZH0MX0Pb5DX39XOwQTtXSdQQOaYH03S1uIQp4mhOZtAXrxq4ViO67YTiLBo2638o9A==",
      "dev": true,
      "license": "BSD-2-Clause",
      "funding": {
        "url": "https://github.com/fb55/entities?sponsor=1"
      }
    },
    "node_modules/domelementtype": {
      "version": "2.3.0",
      "resolved": "https://registry.npmjs.org/domelementtype/-/domelementtype-2.3.0.tgz",
      "integrity": "sha512-OLETBj6w0OsagBwdXnPdN0cnMfF9opN69co+7ZrbfPGrdpPVNBUj02spi6B1N7wChLQiPn4CSH/zJvXw56gmHw==",
      "dev": true,
      "funding": [
        {
          "type": "github",
          "url": "https://github.com/sponsors/fb55"
        }
      ],
      "license": "BSD-2-Clause"
    },
    "node_modules/domhandler": {
      "version": "4.3.1",
      "resolved": "https://registry.npmjs.org/domhandler/-/domhandler-4.3.1.tgz",
      "integrity": "sha512-GrwoxYN+uWlzO8uhUXRl0P+kHE4GtVPfYzVLcUxPL7KNdHKj66vvlhiweIHqYYXWlw+T8iLMp42Lm67ghw4WMQ==",
      "dev": true,
      "license": "BSD-2-Clause",
      "dependencies": {
        "domelementtype": "^2.2.0"
      },
      "engines": {
        "node": ">= 4"
      },
      "funding": {
        "url": "https://github.com/fb55/domhandler?sponsor=1"
      }
    },
    "node_modules/domutils": {
      "version": "2.8.0",
      "resolved": "https://registry.npmjs.org/domutils/-/domutils-2.8.0.tgz",
      "integrity": "sha512-w96Cjofp72M5IIhpjgobBimYEfoPjx1Vx0BSX9P30WBdZW2WIKU0T1Bd0kz2eNZ9ikjKgHbEyKx8BB6H1L3h3A==",
      "dev": true,
      "license": "BSD-2-Clause",
      "dependencies": {
        "dom-serializer": "^1.0.1",
        "domelementtype": "^2.2.0",
        "domhandler": "^4.2.0"
      },
      "funding": {
        "url": "https://github.com/fb55/domutils?sponsor=1"
      }
    },
    "node_modules/entities": {
      "version": "3.0.1",
      "resolved": "https://registry.npmjs.org/entities/-/entities-3.0.1.tgz",
      "integrity": "sha512-WiyBqoomrwMdFG1e0kqvASYfnlb0lp8M5o5Fw2OFq1hNZxxcNk8Ik0Xm7LxzBhuidnZB/UtBqVCgUz3kBOP51Q==",
      "dev": true,
      "license": "BSD-2-Clause",
      "engines": {
        "node": ">=0.12"
      },
      "funding": {
        "url": "https://github.com/fb55/entities?sponsor=1"
      }
    },
    "node_modules/fclone": {
      "version": "1.0.11",
      "resolved": "https://registry.npmjs.org/fclone/-/fclone-1.0.11.tgz",
      "integrity": "sha512-GDqVQezKzRABdeqflsgMr7ktzgF9CyS+p2oe0jJqUY6izSSbhPIQJDpoU4PtGcD7VPM9xh/dVrTu6z1nwgmEGw==",
      "dev": true,
      "license": "MIT"
    },
    "node_modules/htmlparser2": {
      "version": "7.2.0",
      "resolved": "https://registry.npmjs.org/htmlparser2/-/htmlparser2-7.2.0.tgz",
      "integrity": "sha512-H7MImA4MS6cw7nbyURtLPO1Tms7C5H602LRETv95z1MxO/7CP7rDVROehUYeYBUYEON94NXXDEPmZuq+hX4sog==",
      "dev": true,
      "funding": [
        "https://github.com/fb55/htmlparser2?sponsor=1",
        {
          "type": "github",
          "url": "https://github.com/sponsors/fb55"
        }
      ],
      "license": "MIT",
      "dependencies": {
        "domelementtype": "^2.0.1",
        "domhandler": "^4.2.2",
        "domutils": "^2.8.0",
        "entities": "^3.0.1"
      }
    },
    "node_modules/immutable": {
      "version": "4.3.7",
      "resolved": "https://registry.npmjs.org/immutable/-/immutable-4.3.7.tgz",
      "integrity": "sha512-1hqclzwYwjRDFLjcFxOM5AYkkG0rpFPpr1RLPMEuGczoS7YA8gLhy8SWXYRAA/XwfEHpfo3cw5JGioS32fnMRw=="
    },
    "node_modules/is-json": {
      "version": "2.0.1",
      "resolved": "https://registry.npmjs.org/is-json/-/is-json-2.0.1.tgz",
      "integrity": "sha512-6BEnpVn1rcf3ngfmViLM6vjUjGErbdrL4rwlv+u1NO1XO8kqT4YGL8+19Q+Z/bas8tY90BTWMk2+fW1g6hQjbA==",
      "dev": true,
      "license": "ISC"
    },
    "node_modules/posthtml": {
      "version": "0.16.6",
      "resolved": "https://registry.npmjs.org/posthtml/-/posthtml-0.16.6.tgz",
      "integrity": "sha512-JcEmHlyLK/o0uGAlj65vgg+7LIms0xKXe60lcDOTU7oVX/3LuEuLwrQpW3VJ7de5TaFKiW4kWkaIpJL42FEgxQ==",
      "dev": true,
      "license": "MIT",
      "dependencies": {
        "posthtml-parser": "^0.11.0",
        "posthtml-render": "^3.0.0"
      },
      "engines": {
        "node": ">=12.0.0"
      }
    },
    "node_modules/posthtml-expressions": {
      "version": "1.11.4",
      "resolved": "https://registry.npmjs.org/posthtml-expressions/-/posthtml-expressions-1.11.4.tgz",
      "integrity": "sha512-tJI6KhKLcePRO0/i4d01MNXfcaBa2jIu4MuVLixvGwCRzxdY2D7LLm17ijNyQNQu3xOhCffBLtUMju0K64smmQ==",
      "dev": true,
      "license": "MIT",
      "dependencies": {
        "fclone": "^1.0.11",
        "posthtml": "^0.16.5",
        "posthtml-match-helper": "^1.0.1",
        "posthtml-parser": "^0.10.0",
        "posthtml-render": "^3.0.0"
      },
      "engines": {
        "node": ">=10"
      }
    },
    "node_modules/posthtml-expressions/node_modules/posthtml-parser": {
      "version": "0.10.2",
      "resolved": "https://registry.npmjs.org/posthtml-parser/-/posthtml-parser-0.10.2.tgz",
      "integrity": "sha512-PId6zZ/2lyJi9LiKfe+i2xv57oEjJgWbsHGGANwos5AvdQp98i6AtamAl8gzSVFGfQ43Glb5D614cvZf012VKg==",
      "dev": true,
      "license": "MIT",
      "dependencies": {
        "htmlparser2": "^7.1.1"
      },
      "engines": {
        "node": ">=12"
      }
    },
    "node_modules/posthtml-include": {
      "version": "2.0.1",
      "resolved": "https://registry.npmjs.org/posthtml-include/-/posthtml-include-2.0.1.tgz",
      "integrity": "sha512-1YXy4QWeJldosTKLPz6ecbI4e26jHmo3R97NNTKMQqITvZOY025+yvX/RUgvcD1VghLeACs0Y2P3GjtJo5s27Q==",
      "dev": true,
      "license": "MIT",
      "dependencies": {
        "posthtml": "^0.16.6",
        "posthtml-expressions": "^1.7.1",
        "posthtml-parser": "^0.11.0"
      },
      "engines": {
        "node": ">=12"
      }
    },
    "node_modules/posthtml-match-helper": {
      "version": "1.0.4",
      "resolved": "https://registry.npmjs.org/posthtml-match-helper/-/posthtml-match-helper-1.0.4.tgz",
      "integrity": "sha512-Tj9orTIBxHdnraCxoEGjoizsFsTGvukzwcuhOjYQGmDG6gTlaRbMrGgi1J+FwKTN8hsCQENHYY0Deqs9a89BVg==",
      "dev": true,
      "license": "ISC",
      "peerDependencies": {
        "posthtml": ">=0.5.0"
      }
    },
    "node_modules/posthtml-parser": {
      "version": "0.11.0",
      "resolved": "https://registry.npmjs.org/posthtml-parser/-/posthtml-parser-0.11.0.tgz",
      "integrity": "sha512-QecJtfLekJbWVo/dMAA+OSwY79wpRmbqS5TeXvXSX+f0c6pW4/SE6inzZ2qkU7oAMCPqIDkZDvd/bQsSFUnKyw==",
      "dev": true,
      "license": "MIT",
      "dependencies": {
        "htmlparser2": "^7.1.1"
      },
      "engines": {
        "node": ">=12"
      }
    },
    "node_modules/posthtml-render": {
      "version": "3.0.0",
      "resolved": "https://registry.npmjs.org/posthtml-render/-/posthtml-render-3.0.0.tgz",
      "integrity": "sha512-z+16RoxK3fUPgwaIgH9NGnK1HKY9XIDpydky5eQGgAFVXTCSezalv9U2jQuNV+Z9qV1fDWNzldcw4eK0SSbqKA==",
      "dev": true,
      "license": "MIT",
      "dependencies": {
        "is-json": "^2.0.1"
      },
      "engines": {
        "node": ">=12"
      }
    },
    "node_modules/sass": {
      "version": "1.79.4",
      "resolved": "https://registry.npmjs.org/sass/-/sass-1.79.4.tgz",
      "integrity": "sha512-K0QDSNPXgyqO4GZq2HO5Q70TLxTH6cIT59RdoCHMivrC8rqzaTw5ab9prjz9KUN1El4FLXrBXJhik61JR4HcGg==",
      "dependencies": {
        "chokidar": "^4.0.0",
        "immutable": "^4.0.0",
        "source-map-js": ">=0.6.2 <2.0.0"
      },
      "bin": {
        "sass": "sass.js"
      },
      "engines": {
        "node": ">=14.0.0"
      }
    },
    "node_modules/sass/node_modules/chokidar": {
      "version": "4.0.1",
      "resolved": "https://registry.npmjs.org/chokidar/-/chokidar-4.0.1.tgz",
      "integrity": "sha512-n8enUVCED/KVRQlab1hr3MVpcVMvxtZjmEa956u+4YijlmQED223XMSYj2tLuKvr4jcCTzNNMpQDUer72MMmzA==",
      "dependencies": {
        "readdirp": "^4.0.1"
      },
      "engines": {
        "node": ">= 14.16.0"
      },
      "funding": {
        "url": "https://paulmillr.com/funding/"
      }
    },
    "node_modules/sass/node_modules/readdirp": {
      "version": "4.0.2",
      "resolved": "https://registry.npmjs.org/readdirp/-/readdirp-4.0.2.tgz",
      "integrity": "sha512-yDMz9g+VaZkqBYS/ozoBJwaBhTbZo3UNYQHNRw1D3UFQB8oHB4uS/tAODO+ZLjGWmUbKnIlOWO+aaIiAxrUWHA==",
      "engines": {
        "node": ">= 14.16.0"
      },
      "funding": {
        "type": "individual",
        "url": "https://paulmillr.com/funding/"
      }
    },
    "node_modules/source-map-js": {
      "version": "1.2.1",
      "resolved": "https://registry.npmjs.org/source-map-js/-/source-map-js-1.2.1.tgz",
      "integrity": "sha512-UXWMKhLOwVKb728IUtQPXxfYU+usdybtUrK/8uGE8CQMvrhOpwvzDBwj0QhSL7MQc7vIsISBG8VQ8+IDQxpfQA==",
      "engines": {
        "node": ">=0.10.0"
      }
    }
  }
}
